
Microsoft Visual Studio Solution File, Format Version 12.00
# Visual Studio Version 17
VisualStudioVersion = 17.9.34723.18
MinimumVisualStudioVersion = 10.0.40219.1
Project("{FAE04EC0-301F-11D3-BF4B-00C04F79EFBC}") = "Documentation-Project", "Evo\Documentation-Project.csproj", "{AF509619-3EAB-4AAD-A5BF-483628FC547B}"
EndProject
Global
	GlobalSection(SolutionConfigurationPlatforms) = preSolution
		Debug|Any CPU = Debug|Any CPU
		Release|Any CPU = Release|Any CPU
	EndGlobalSection
	GlobalSection(ProjectConfigurationPlatforms) = postSolution
		{AF509619-3EAB-4AAD-A5BF-483628FC547B}.Debug|Any CPU.ActiveCfg = Debug|Any CPU
		{AF509619-3EAB-4AAD-A5BF-483628FC547B}.Debug|Any CPU.Build.0 = Debug|Any CPU
		{AF509619-3EAB-4AAD-A5BF-483628FC547B}.Release|Any CPU.ActiveCfg = Release|Any CPU
		{AF509619-3EAB-4AAD-A5BF-483628FC547B}.Release|Any CPU.Build.0 = Release|Any CPU
	EndGlobalSection
	GlobalSection(SolutionProperties) = preSolution
		HideSolutionNode = FALSE
	EndGlobalSection
	GlobalSection(ExtensibilityGlobals) = postSolution
		SolutionGuid = {5DE789A7-A286-47CA-8F6D-2E70F3540275}
	EndGlobalSection
EndGlobal
